
Microsoft Visual Studio Solution File, Format Version 12.00
# Visual Studio Version 16
VisualStudioVersion = 16.0.29613.14
MinimumVisualStudioVersion = 10.0.40219.1
Project("{FAE04EC0-301F-11D3-BF4B-00C04F79EFBC}") = "DynamicChessBoard", "DynamicChessBoard\DynamicChessBoard.csproj", "{7D222E00-530D-4AE6-AFF5-6DB517A1F340}"
EndProject
Global
	GlobalSection(SolutionConfigurationPlatforms) = preSolution
		Debug|Any CPU = Debug|Any CPU
		Release|Any CPU = Release|Any CPU
	EndGlobalSection
	GlobalSection(ProjectConfigurationPlatforms) = postSolution
		{7D222E00-530D-4AE6-AFF5-6DB517A1F340}.Debug|Any CPU.ActiveCfg = Debug|Any CPU
		{7D222E00-530D-4AE6-AFF5-6DB517A1F340}.Debug|Any CPU.Build.0 = Debug|Any CPU
		{7D222E00-530D-4AE6-AFF5-6DB517A1F340}.Release|Any CPU.ActiveCfg = Release|Any CPU
		{7D222E00-530D-4AE6-AFF5-6DB517A1F340}.Release|Any CPU.Build.0 = Release|Any CPU
	EndGlobalSection
	GlobalSection(SolutionProperties) = preSolution
		HideSolutionNode = FALSE
	EndGlobalSection
	GlobalSection(ExtensibilityGlobals) = postSolution
		SolutionGuid = {78245AC7-727F-454B-9EF3-83CBDB6D31FD}
	EndGlobalSection
EndGlobal
